
Microsoft Visual Studio Solution File, Format Version 12.00
# Visual Studio Version 17
VisualStudioVersion = 17.6.33712.159
MinimumVisualStudioVersion = 10.0.40219.1
Project("{FAE04EC0-301F-11D3-BF4B-00C04F79EFBC}") = "FinalAssignment", "FinalAssignment\FinalAssignment.csproj", "{A2671B10-6D4B-4223-A4B0-E7714BB17640}"
EndProject
Global
	GlobalSection(SolutionConfigurationPlatforms) = preSolution
		Debug|Any CPU = Debug|Any CPU
		Release|Any CPU = Release|Any CPU
	EndGlobalSection
	GlobalSection(ProjectConfigurationPlatforms) = postSolution
		{A2671B10-6D4B-4223-A4B0-E7714BB17640}.Debug|Any CPU.ActiveCfg = Debug|Any CPU
		{A2671B10-6D4B-4223-A4B0-E7714BB17640}.Debug|Any CPU.Build.0 = Debug|Any CPU
		{A2671B10-6D4B-4223-A4B0-E7714BB17640}.Release|Any CPU.ActiveCfg = Release|Any CPU
		{A2671B10-6D4B-4223-A4B0-E7714BB17640}.Release|Any CPU.Build.0 = Release|Any CPU
	EndGlobalSection
	GlobalSection(SolutionProperties) = preSolution
		HideSolutionNode = FALSE
	EndGlobalSection
	GlobalSection(ExtensibilityGlobals) = postSolution
		SolutionGuid = {2963879B-6E8C-4C9B-B4AA-FF9AEFF792CE}
	EndGlobalSection
EndGlobal
